// !$*UTF8*$!
{
	archiveVersion = 1;
	classes = {
	};
	objectVersion = 46;
	objects = {

/* Begin PBXBuildFile section */
		5ABF8DCE1393C9DA0054E027 /* posterize.c in Sources */ = {isa = PBXBuildFile; fileRef = 5ABF8DCC1393C9DA0054E027 /* posterize.c */; };
		5ABF8DCF1393C9DA0054E027 /* rwpng.c in Sources */ = {isa = PBXBuildFile; fileRef = 5ABF8DCD1393C9DA0054E027 /* rwpng.c */; };
/* End PBXBuildFile section */

/* Begin PBXFileReference section */
		5A27B9F1139B087F0095FC2F /* release.xcconfig */ = {isa = PBXFileReference; fileEncoding = 4; lastKnownFileType = text.xcconfig; path = release.xcconfig; sourceTree = SOURCE_ROOT; };
		5A27B9F2139B087F0095FC2F /* debug.xcconfig */ = {isa = PBXFileReference; fileEncoding = 4; lastKnownFileType = text.xcconfig; path = debug.xcconfig; sourceTree = SOURCE_ROOT; };
		5ABF8DCC1393C9DA0054E027 /* posterize.c */ = {isa = PBXFileReference; fileEncoding = 4; lastKnownFileType = sourcecode.c.c; name = posterize.c; path = posterizer/posterize.c; sourceTree = "<group>"; };
		5ABF8DCD1393C9DA0054E027 /* rwpng.c */ = {isa = PBXFileReference; fileEncoding = 4; lastKnownFileType = sourcecode.c.c; name = rwpng.c; path = posterizer/rwpng.c; sourceTree = "<group>"; };
		8DD76FB20486AB0100D96B5E /* posterizer */ = {isa = PBXFileReference; explicitFileType = "compiled.mach-o.executable"; includeInIndex = 0; path = posterizer; sourceTree = BUILT_PRODUCTS_DIR; };
/* End PBXFileReference section */

/* Begin PBXGroup section */
		08FB7794FE84155DC02AAC07 /* lossy */ = {
			isa = PBXGroup;
			children = (
				08FB7795FE84155DC02AAC07 /* Source */,
				1AB674ADFE9D54B511CA2CBB /* Products */,
				5A27B9F2139B087F0095FC2F /* debug.xcconfig */,
				5A27B9F1139B087F0095FC2F /* release.xcconfig */,
			);
			name = lossy;
			sourceTree = "<group>";
		};
		08FB7795FE84155DC02AAC07 /* Source */ = {
			isa = PBXGroup;
			children = (
				5ABF8DCC1393C9DA0054E027 /* posterize.c */,
				5ABF8DCD1393C9DA0054E027 /* rwpng.c */,
			);
			name = Source;
			sourceTree = "<group>";
		};
		1AB674ADFE9D54B511CA2CBB /* Products */ = {
			isa = PBXGroup;
			children = (
				8DD76FB20486AB0100D96B5E /* posterizer */,
			);
			name = Products;
			sourceTree = "<group>";
		};
/* End PBXGroup section */

/* Begin PBXNativeTarget section */
		8DD76FA90486AB0100D96B5E /* posterizer */ = {
			isa = PBXNativeTarget;
			buildConfigurationList = 1DEB928508733DD80010E9CD /* Build configuration list for PBXNativeTarget "posterizer" */;
			buildPhases = (
				8DD76FAB0486AB0100D96B5E /* Sources */,
			);
			buildRules = (
			);
			dependencies = (
			);
			name = posterizer;
			productInstallPath = "$(HOME)/bin";
			productName = lossy;
			productReference = 8DD76FB20486AB0100D96B5E /* posterizer */;
			productType = "com.apple.product-type.tool";
		};
/* End PBXNativeTarget section */

/* Begin PBXProject section */
		08FB7793FE84155DC02AAC07 /* Project object */ = {
			isa = PBXProject;
			attributes = {
				BuildIndependentTargetsInParallel = YES;
				LastUpgradeCheck = 0410;
			};
			buildConfigurationList = 1DEB928908733DD80010E9CD /* Build configuration list for PBXProject "posterizer" */;
			compatibilityVersion = "Xcode 3.2";
			developmentRegion = English;
			hasScannedForEncodings = 1;
			knownRegions = (
				English,
				Japanese,
				French,
				German,
			);
			mainGroup = 08FB7794FE84155DC02AAC07 /* lossy */;
			projectDirPath = "";
			projectRoot = "";
			targets = (
				8DD76FA90486AB0100D96B5E /* posterizer */,
			);
		};
/* End PBXProject section */

/* Begin PBXSourcesBuildPhase section */
		8DD76FAB0486AB0100D96B5E /* Sources */ = {
			isa = PBXSourcesBuildPhase;
			buildActionMask = 2147483647;
			files = (
				5ABF8DCE1393C9DA0054E027 /* posterize.c in Sources */,
				5ABF8DCF1393C9DA0054E027 /* rwpng.c in Sources */,
			);
			runOnlyForDeploymentPostprocessing = 0;
		};
/* End PBXSourcesBuildPhase section */

/* Begin XCBuildConfiguration section */
		1DEB928608733DD80010E9CD /* Debug */ = {
			isa = XCBuildConfiguration;
			buildSettings = {
				GCC_VERSION = com.apple.compilers.llvm.clang.1_0;
				INSTALL_PATH = /usr/local/bin;
				LIBRARY_SEARCH_PATHS = (
					"$(inherited)",
					/usr/X11/lib,
					/Users/porneL/ImageOptim/libpng/build/Release,
				);
				PRODUCT_NAME = posterizer;
			};
			name = Debug;
		};
		1DEB928708733DD80010E9CD /* Release */ = {
			isa = XCBuildConfiguration;
			buildSettings = {
				GCC_VERSION = com.apple.compilers.llvm.clang.1_0;
				INSTALL_PATH = /usr/local/bin;
				LIBRARY_SEARCH_PATHS = (
					"$(inherited)",
					/usr/X11/lib,
					/Users/porneL/ImageOptim/libpng/build/Release,
				);
				PRODUCT_NAME = posterizer;
			};
			name = Release;
		};
		1DEB928A08733DD80010E9CD /* Debug */ = {
			isa = XCBuildConfiguration;
			baseConfigurationReference = 5A27B9F2139B087F0095FC2F /* debug.xcconfig */;
			buildSettings = {
				GCC_C_LANGUAGE_STANDARD = gnu99;
				GCC_PREPROCESSOR_DEFINITIONS = (
					PNG_CONFIGURE_LIBPNG,
					HAVE_CONFIG_H,
				);
				HEADER_SEARCH_PATHS = "~/ImageOptim/libpng/";
				OTHER_LDFLAGS = (
					"-lpng",
					"-lz",
				);
			};
			name = Debug;
		};
		1DEB928B08733DD80010E9CD /* Release */ = {
			isa = XCBuildConfiguration;
			baseConfigurationReference = 5A27B9F1139B087F0095FC2F /* release.xcconfig */;
			buildSettings = {
				GCC_C_LANGUAGE_STANDARD = gnu99;
				GCC_PREPROCESSOR_DEFINITIONS = (
					PNG_CONFIGURE_LIBPNG,
					HAVE_CONFIG_H,
				);
				HEADER_SEARCH_PATHS = "~/ImageOptim/libpng/";
				OTHER_LDFLAGS = (
					"-lpng",
					"-lz",
				);
			};
			name = Release;
		};
/* End XCBuildConfiguration section */

/* Begin XCConfigurationList section */
		1DEB928508733DD80010E9CD /* Build configuration list for PBXNativeTarget "posterizer" */ = {
			isa = XCConfigurationList;
			buildConfigurations = (
				1DEB928608733DD80010E9CD /* Debug */,
				1DEB928708733DD80010E9CD /* Release */,
			);
			defaultConfigurationIsVisible = 0;
			defaultConfigurationName = Release;
		};
		1DEB928908733DD80010E9CD /* Build configuration list for PBXProject "posterizer" */ = {
			isa = XCConfigurationList;
			buildConfigurations = (
				1DEB928A08733DD80010E9CD /* Debug */,
				1DEB928B08733DD80010E9CD /* Release */,
			);
			defaultConfigurationIsVisible = 0;
			defaultConfigurationName = Release;
		};
/* End XCConfigurationList section */
	};
	rootObject = 08FB7793FE84155DC02AAC07 /* Project object */;
}
