// !$*UTF8*$!
{
	archiveVersion = 1;
	classes = {
	};
	objectVersion = 48;
	objects = {

/* Begin PBXAggregateTarget section */
		5A8CE1920F5B5E1D002ED669 /* Archive */ = {
			isa = PBXAggregateTarget;
			buildConfigurationList = 5A8CE1980F5B5E4F002ED669 /* Build configuration list for PBXAggregateTarget "Archive" */;
			buildPhases = (
				5A8CE1910F5B5E1D002ED669 /* ShellScript */,
			);
			dependencies = (
				5A8CE1960F5B5E23002ED669 /* PBXTargetDependency */,
			);
			name = Archive;
			productName = Archive;
		};
/* End PBXAggregateTarget section */

/* Begin PBXBuildFile section */
		5A0A24C3174843D0003264CC /* pngquant in CopyFiles */ = {isa = PBXBuildFile; fileRef = 5AD180630F4B732100370142 /* pngquant */; settings = {ATTRIBUTES = (CodeSignOnCopy, ); }; };
		5A1C388D1F2A3D0400E21DAC /* QuartzCore.framework in Frameworks */ = {isa = PBXBuildFile; fileRef = 5A1C38831F2A3CDB00E21DAC /* QuartzCore.framework */; };
		5A2C9C61150EAFE600E9245E /* IAPatternBackgroundRenderer.m in Sources */ = {isa = PBXBuildFile; fileRef = 5A2C9C60150EAFE600E9245E /* IAPatternBackgroundRenderer.m */; };
		5A3010980F55DE1B0083C154 /* textures in Resources */ = {isa = PBXBuildFile; fileRef = 5A30108D0F55DE1B0083C154 /* textures */; };
		5A3123501399A6C500448815 /* liblibpng.dylib in CopyFiles */ = {isa = PBXBuildFile; fileRef = 5A31234D1399A6BD00448815 /* liblibpng.dylib */; settings = {ATTRIBUTES = (CodeSignOnCopy, ); }; };
		5A31235C1399A72500448815 /* posterizer in CopyFiles */ = {isa = PBXBuildFile; fileRef = 5A3122E11399A1CF00448815 /* posterizer */; settings = {ATTRIBUTES = (CodeSignOnCopy, ); }; };
		5A3F4E6117A1F3FE00469537 /* ImageAlphaDocumentC.m in Sources */ = {isa = PBXBuildFile; fileRef = 5A3F4E6017A1F3FE00469537 /* ImageAlphaDocumentC.m */; };
		5A3F4E8717A1F4D600469537 /* ImageAlphaApplication.m in Sources */ = {isa = PBXBuildFile; fileRef = 5A3F4E8617A1F4D600469537 /* ImageAlphaApplication.m */; };
		5A43016F16629393000E55BA /* IABackgroundRenderer.m in Sources */ = {isa = PBXBuildFile; fileRef = 5A43016E16629393000E55BA /* IABackgroundRenderer.m */; };
		5A6B42DD0E96E50100ACA396 /* ImageAlpha.icns in Resources */ = {isa = PBXBuildFile; fileRef = 5A6B42DC0E96E50100ACA396 /* ImageAlpha.icns */; };
		5A6E7F92153C99F400D00506 /* IAColorBackgroundRenderer.m in Sources */ = {isa = PBXBuildFile; fileRef = 5A6E7F91153C99F400D00506 /* IAColorBackgroundRenderer.m */; };
		5A8CE14B0F5B5CDD002ED669 /* dsa_pub.pem in Resources */ = {isa = PBXBuildFile; fileRef = 5A8CE14A0F5B5CDD002ED669 /* dsa_pub.pem */; };
		5A91FE8B0E958375004954A0 /* IACollectionItem.py in Resources */ = {isa = PBXBuildFile; fileRef = 5A91FE8A0E958375004954A0 /* IACollectionItem.py */; };
		5A91FE940E95837F004954A0 /* IAImageView.py in Resources */ = {isa = PBXBuildFile; fileRef = 5A91FE8D0E95837F004954A0 /* IAImageView.py */; };
		5A91FE950E95837F004954A0 /* IAImageViewInteractive.py in Resources */ = {isa = PBXBuildFile; fileRef = 5A91FE8E0E95837F004954A0 /* IAImageViewInteractive.py */; };
		5A91FE970E95837F004954A0 /* IABackgroundRenderer.py in Resources */ = {isa = PBXBuildFile; fileRef = 5A91FE900E95837F004954A0 /* IABackgroundRenderer.py */; };
		5A91FE990E95837F004954A0 /* IASlider.py in Resources */ = {isa = PBXBuildFile; fileRef = 5A91FE920E95837F004954A0 /* IASlider.py */; };
		5A91FF240E958EE6004954A0 /* ImageAlphaDocument.py in Resources */ = {isa = PBXBuildFile; fileRef = 5A91FF230E958EE6004954A0 /* ImageAlphaDocument.py */; };
		5AA5327E0EE32FC700360305 /* IAImage.py in Resources */ = {isa = PBXBuildFile; fileRef = 5AA5327D0EE32FC700360305 /* IAImage.py */; };
		5AA9BABA14268CED007E98AA /* Python.framework in Frameworks */ = {isa = PBXBuildFile; fileRef = 5AA9BAB914268CED007E98AA /* Python.framework */; };
		5ABD76510F0E791500515CC9 /* pngnq in CopyFiles */ = {isa = PBXBuildFile; fileRef = 5ABD76500F0E78E700515CC9 /* pngnq */; settings = {ATTRIBUTES = (CodeSignOnCopy, ); }; };
		5AD99A5B1B6D61AF000BC400 /* Sparkle.framework in Frameworks */ = {isa = PBXBuildFile; fileRef = 5AD99A501B6D619C000BC400 /* Sparkle.framework */; settings = {ATTRIBUTES = (Weak, ); }; };
		5AD99A5C1B6D61BB000BC400 /* Sparkle.framework in Copy Frameworks */ = {isa = PBXBuildFile; fileRef = 5AD99A501B6D619C000BC400 /* Sparkle.framework */; settings = {ATTRIBUTES = (CodeSignOnCopy, RemoveHeadersOnCopy, ); }; };
		77383F230C07AB8F0043B131 /* main.py in Resources */ = {isa = PBXBuildFile; fileRef = 77383F220C07AB8F0043B131 /* main.py */; };
		779AE5FB0C0A0980000694DF /* MainMenu.xib in Resources */ = {isa = PBXBuildFile; fileRef = 779AE5F70C0A0980000694DF /* MainMenu.xib */; };
		779AE5FC0C0A0980000694DF /* ImageAlphaDocument.xib in Resources */ = {isa = PBXBuildFile; fileRef = 779AE5F90C0A0980000694DF /* ImageAlphaDocument.xib */; };
		8D15AC320486D014006FF6A4 /* main.m in Sources */ = {isa = PBXBuildFile; fileRef = 2A37F4B0FDCFA73011CA2CEA /* main.m */; settings = {ATTRIBUTES = (); }; };
		8D15AC340486D014006FF6A4 /* Cocoa.framework in Frameworks */ = {isa = PBXBuildFile; fileRef = 1058C7A7FEA54F5311CA2CBB /* Cocoa.framework */; };
/* End PBXBuildFile section */

/* Begin PBXContainerItemProxy section */
		5A1C38871F2A3CDB00E21DAC /* PBXContainerItemProxy */ = {
			isa = PBXContainerItemProxy;
			containerPortal = 5AD99A441B6D619B000BC400 /* Sparkle.xcodeproj */;
			proxyType = 2;
			remoteGlobalIDString = 726B2B5D1C645FC900388755;
			remoteInfo = "UI Tests";
		};
		5A1C38891F2A3CDB00E21DAC /* PBXContainerItemProxy */ = {
			isa = PBXContainerItemProxy;
			containerPortal = 5AD99A441B6D619B000BC400 /* Sparkle.xcodeproj */;
			proxyType = 2;
			remoteGlobalIDString = 722954B41D04ADAF00ECF9CA;
			remoteInfo = fileop;
		};
		5A1C388B1F2A3CDB00E21DAC /* PBXContainerItemProxy */ = {
			isa = PBXContainerItemProxy;
			containerPortal = 5AD99A441B6D619B000BC400 /* Sparkle.xcodeproj */;
			proxyType = 2;
			remoteGlobalIDString = 5AE13FB31E0D9E07000D2C2C;
			remoteInfo = generate_appcast;
		};
		5A3122E01399A1CF00448815 /* PBXContainerItemProxy */ = {
			isa = PBXContainerItemProxy;
			containerPortal = 5A3122DC1399A1CF00448815 /* posterizer.xcodeproj */;
			proxyType = 2;
			remoteGlobalIDString = 8DD76FB20486AB0100D96B5E;
			remoteInfo = posterizer;
		};
		5A3122E21399A1E900448815 /* PBXContainerItemProxy */ = {
			isa = PBXContainerItemProxy;
			containerPortal = 5A3122DC1399A1CF00448815 /* posterizer.xcodeproj */;
			proxyType = 1;
			remoteGlobalIDString = 8DD76FA90486AB0100D96B5E;
			remoteInfo = posterizer;
		};
		5A31234C1399A6BD00448815 /* PBXContainerItemProxy */ = {
			isa = PBXContainerItemProxy;
			containerPortal = 5A3123451399A6BD00448815 /* libpng.xcodeproj */;
			proxyType = 2;
			remoteGlobalIDString = D2AAC0630554660B00DB518D;
			remoteInfo = libpng;
		};
		5A52B262167FD127009153F7 /* PBXContainerItemProxy */ = {
			isa = PBXContainerItemProxy;
			containerPortal = 5AD1805E0F4B732100370142 /* pngquant.xcodeproj */;
			proxyType = 1;
			remoteGlobalIDString = 5A5E4C7D15FFE53000E92975;
			remoteInfo = "pngquant-openmp";
		};
		5A63037D1534E0C80036E553 /* PBXContainerItemProxy */ = {
			isa = PBXContainerItemProxy;
			containerPortal = 5AD1805E0F4B732100370142 /* pngquant.xcodeproj */;
			proxyType = 2;
			remoteGlobalIDString = 5A630352153328890036E553;
			remoteInfo = tests;
		};
		5A8CE1950F5B5E23002ED669 /* PBXContainerItemProxy */ = {
			isa = PBXContainerItemProxy;
			containerPortal = 2A37F4A9FDCFA73011CA2CEA /* Project object */;
			proxyType = 1;
			remoteGlobalIDString = 8D15AC270486D014006FF6A4;
			remoteInfo = ImageAlpha;
		};
		5A8DB0F8140EBBF300475FA3 /* PBXContainerItemProxy */ = {
			isa = PBXContainerItemProxy;
			containerPortal = 5A3123451399A6BD00448815 /* libpng.xcodeproj */;
			proxyType = 1;
			remoteGlobalIDString = D2AAC0620554660B00DB518D;
			remoteInfo = libpng;
		};
		5A937D4F12FEDF30001D2786 /* PBXContainerItemProxy */ = {
			isa = PBXContainerItemProxy;
			containerPortal = 5ABD764B0F0E78E700515CC9 /* pngnq.xcodeproj */;
			proxyType = 1;
			remoteGlobalIDString = 8DD76FA90486AB0100D96B5E;
			remoteInfo = pngnq;
		};
		5ABD764F0F0E78E700515CC9 /* PBXContainerItemProxy */ = {
			isa = PBXContainerItemProxy;
			containerPortal = 5ABD764B0F0E78E700515CC9 /* pngnq.xcodeproj */;
			proxyType = 2;
			remoteGlobalIDString = 8DD76FB20486AB0100D96B5E;
			remoteInfo = pngnq;
		};
		5ABD77490F0E87ED00515CC9 /* PBXContainerItemProxy */ = {
			isa = PBXContainerItemProxy;
			containerPortal = 5ABD764B0F0E78E700515CC9 /* pngnq.xcodeproj */;
			proxyType = 2;
			remoteGlobalIDString = 5ABD77440F0E87ED00515CC9;
			remoteInfo = pngcomp;
		};
		5AC0D6031410520900446066 /* PBXContainerItemProxy */ = {
			isa = PBXContainerItemProxy;
			containerPortal = 5A3123451399A6BD00448815 /* libpng.xcodeproj */;
			proxyType = 2;
			remoteGlobalIDString = 5AC2B4D613394EDA00376783;
			remoteInfo = static;
		};
		5AD180620F4B732100370142 /* PBXContainerItemProxy */ = {
			isa = PBXContainerItemProxy;
			containerPortal = 5AD1805E0F4B732100370142 /* pngquant.xcodeproj */;
			proxyType = 2;
			remoteGlobalIDString = 8DD76FB20486AB0100D96B5E;
			remoteInfo = pngquant;
		};
		5AD99A4F1B6D619C000BC400 /* PBXContainerItemProxy */ = {
			isa = PBXContainerItemProxy;
			containerPortal = 5AD99A441B6D619B000BC400 /* Sparkle.xcodeproj */;
			proxyType = 2;
			remoteGlobalIDString = 8DC2EF5B0486A6940098B216;
			remoteInfo = Sparkle;
		};
		5AD99A511B6D619C000BC400 /* PBXContainerItemProxy */ = {
			isa = PBXContainerItemProxy;
			containerPortal = 5AD99A441B6D619B000BC400 /* Sparkle.xcodeproj */;
			proxyType = 2;
			remoteGlobalIDString = 61B5F90209C4CEE200B25A18;
			remoteInfo = "Sparkle Test App";
		};
		5AD99A531B6D619C000BC400 /* PBXContainerItemProxy */ = {
			isa = PBXContainerItemProxy;
			containerPortal = 5AD99A441B6D619B000BC400 /* Sparkle.xcodeproj */;
			proxyType = 2;
			remoteGlobalIDString = 612279D90DB5470200AB99EA;
			remoteInfo = "Sparkle Unit Tests";
		};
		5AD99A551B6D619C000BC400 /* PBXContainerItemProxy */ = {
			isa = PBXContainerItemProxy;
			containerPortal = 5AD99A441B6D619B000BC400 /* Sparkle.xcodeproj */;
			proxyType = 2;
			remoteGlobalIDString = 5D06E8D00FD68C7C005AE3F6;
			remoteInfo = BinaryDelta;
		};
		5AD99A571B6D619C000BC400 /* PBXContainerItemProxy */ = {
			isa = PBXContainerItemProxy;
			containerPortal = 5AD99A441B6D619B000BC400 /* Sparkle.xcodeproj */;
			proxyType = 2;
			remoteGlobalIDString = 55C14BB7136EEF1500649790;
			remoteInfo = Autoupdate;
		};
		5AD99A591B6D61A8000BC400 /* PBXContainerItemProxy */ = {
			isa = PBXContainerItemProxy;
			containerPortal = 5AD99A441B6D619B000BC400 /* Sparkle.xcodeproj */;
			proxyType = 1;
			remoteGlobalIDString = 8DC2EF4F0486A6940098B216;
			remoteInfo = Sparkle;
		};
/* End PBXContainerItemProxy section */

/* Begin PBXCopyFilesBuildPhase section */
		5A8CE1460F5B5BD5002ED669 /* Copy Frameworks */ = {
			isa = PBXCopyFilesBuildPhase;
			buildActionMask = 2147483647;
			dstPath = "";
			dstSubfolderSpec = 10;
			files = (
				5AD99A5C1B6D61BB000BC400 /* Sparkle.framework in Copy Frameworks */,
			);
			name = "Copy Frameworks";
			runOnlyForDeploymentPostprocessing = 0;
		};
		5AF2D49C1AED3A9200E761BA /* CopyFiles */ = {
			isa = PBXCopyFilesBuildPhase;
			buildActionMask = 2147483647;
			dstPath = "";
			dstSubfolderSpec = 6;
			files = (
				5A3123501399A6C500448815 /* liblibpng.dylib in CopyFiles */,
				5ABD76510F0E791500515CC9 /* pngnq in CopyFiles */,
				5A0A24C3174843D0003264CC /* pngquant in CopyFiles */,
				5A31235C1399A72500448815 /* posterizer in CopyFiles */,
			);
			runOnlyForDeploymentPostprocessing = 0;
		};
/* End PBXCopyFilesBuildPhase section */

/* Begin PBXFileReference section */
		1058C7A7FEA54F5311CA2CBB /* Cocoa.framework */ = {isa = PBXFileReference; lastKnownFileType = wrapper.framework; name = Cocoa.framework; path = /System/Library/Frameworks/Cocoa.framework; sourceTree = "<absolute>"; };
		13E42FBA07B3F13500E4EEF1 /* CoreData.framework */ = {isa = PBXFileReference; lastKnownFileType = wrapper.framework; name = CoreData.framework; path = /System/Library/Frameworks/CoreData.framework; sourceTree = "<absolute>"; };
		2A37F4B0FDCFA73011CA2CEA /* main.m */ = {isa = PBXFileReference; fileEncoding = 4; lastKnownFileType = sourcecode.c.objc; path = main.m; sourceTree = "<group>"; };
		2A37F4C4FDCFA73011CA2CEA /* AppKit.framework */ = {isa = PBXFileReference; lastKnownFileType = wrapper.framework; name = AppKit.framework; path = /System/Library/Frameworks/AppKit.framework; sourceTree = "<absolute>"; };
		2A37F4C5FDCFA73011CA2CEA /* Foundation.framework */ = {isa = PBXFileReference; lastKnownFileType = wrapper.framework; name = Foundation.framework; path = /System/Library/Frameworks/Foundation.framework; sourceTree = "<absolute>"; };
		32DBCF750370BD2300C91783 /* ImageAlpha_Prefix.pch */ = {isa = PBXFileReference; fileEncoding = 4; lastKnownFileType = sourcecode.c.h; path = ImageAlpha_Prefix.pch; sourceTree = "<group>"; };
		5A1C38831F2A3CDB00E21DAC /* QuartzCore.framework */ = {isa = PBXFileReference; lastKnownFileType = wrapper.framework; name = QuartzCore.framework; path = System/Library/Frameworks/QuartzCore.framework; sourceTree = SDKROOT; };
		5A2C9C5F150EAFE500E9245E /* IAPatternBackgroundRenderer.h */ = {isa = PBXFileReference; fileEncoding = 4; lastKnownFileType = sourcecode.c.h; path = IAPatternBackgroundRenderer.h; sourceTree = "<group>"; };
		5A2C9C60150EAFE600E9245E /* IAPatternBackgroundRenderer.m */ = {isa = PBXFileReference; fileEncoding = 4; lastKnownFileType = sourcecode.c.objc; path = IAPatternBackgroundRenderer.m; sourceTree = "<group>"; };
		5A30108D0F55DE1B0083C154 /* textures */ = {isa = PBXFileReference; lastKnownFileType = folder; path = textures; sourceTree = "<group>"; };
		5A3122DC1399A1CF00448815 /* posterizer.xcodeproj */ = {isa = PBXFileReference; lastKnownFileType = "wrapper.pb-project"; name = posterizer.xcodeproj; path = mediancut-posterizer/posterizer.xcodeproj; sourceTree = SOURCE_ROOT; };
		5A3123451399A6BD00448815 /* libpng.xcodeproj */ = {isa = PBXFileReference; lastKnownFileType = "wrapper.pb-project"; name = libpng.xcodeproj; path = ../ImageOptim/libpng/libpng.xcodeproj; sourceTree = SOURCE_ROOT; };
		5A3F4E5F17A1F3FE00469537 /* ImageAlphaDocumentC.h */ = {isa = PBXFileReference; fileEncoding = 4; lastKnownFileType = sourcecode.c.h; path = ImageAlphaDocumentC.h; sourceTree = "<group>"; };
		5A3F4E6017A1F3FE00469537 /* ImageAlphaDocumentC.m */ = {isa = PBXFileReference; fileEncoding = 4; lastKnownFileType = sourcecode.c.objc; path = ImageAlphaDocumentC.m; sourceTree = "<group>"; };
		5A3F4E8517A1F4D600469537 /* ImageAlphaApplication.h */ = {isa = PBXFileReference; fileEncoding = 4; lastKnownFileType = sourcecode.c.h; path = ImageAlphaApplication.h; sourceTree = "<group>"; };
		5A3F4E8617A1F4D600469537 /* ImageAlphaApplication.m */ = {isa = PBXFileReference; fileEncoding = 4; lastKnownFileType = sourcecode.c.objc; path = ImageAlphaApplication.m; sourceTree = "<group>"; };
		5A43016D16629393000E55BA /* IABackgroundRenderer.h */ = {isa = PBXFileReference; fileEncoding = 4; lastKnownFileType = sourcecode.c.h; path = IABackgroundRenderer.h; sourceTree = "<group>"; };
		5A43016E16629393000E55BA /* IABackgroundRenderer.m */ = {isa = PBXFileReference; fileEncoding = 4; lastKnownFileType = sourcecode.c.objc; path = IABackgroundRenderer.m; sourceTree = "<group>"; };
		5A6B42DC0E96E50100ACA396 /* ImageAlpha.icns */ = {isa = PBXFileReference; lastKnownFileType = image.icns; path = ImageAlpha.icns; sourceTree = "<group>"; };
		5A6E7F90153C99F400D00506 /* IAColorBackgroundRenderer.h */ = {isa = PBXFileReference; fileEncoding = 4; lastKnownFileType = sourcecode.c.h; path = IAColorBackgroundRenderer.h; sourceTree = "<group>"; };
		5A6E7F91153C99F400D00506 /* IAColorBackgroundRenderer.m */ = {isa = PBXFileReference; fileEncoding = 4; lastKnownFileType = sourcecode.c.objc; path = IAColorBackgroundRenderer.m; sourceTree = "<group>"; };
		5A7B7EDF0F5CA4DD00F72F1F /* appcast.xml */ = {isa = PBXFileReference; fileEncoding = 4; lastKnownFileType = text.xml; path = appcast.xml; sourceTree = "<group>"; };
		5A8CE14A0F5B5CDD002ED669 /* dsa_pub.pem */ = {isa = PBXFileReference; fileEncoding = 4; lastKnownFileType = text; path = dsa_pub.pem; sourceTree = "<group>"; };
		5A91FE8A0E958375004954A0 /* IACollectionItem.py */ = {isa = PBXFileReference; fileEncoding = 4; lastKnownFileType = text.script.python; lineEnding = 0; path = IACollectionItem.py; sourceTree = "<group>"; xcLanguageSpecificationIdentifier = xcode.lang.python; };
		5A91FE8D0E95837F004954A0 /* IAImageView.py */ = {isa = PBXFileReference; fileEncoding = 4; lastKnownFileType = text.script.python; lineEnding = 0; path = IAImageView.py; sourceTree = "<group>"; tabWidth = 4; usesTabs = 0; xcLanguageSpecificationIdentifier = xcode.lang.python; };
		5A91FE8E0E95837F004954A0 /* IAImageViewInteractive.py */ = {isa = PBXFileReference; fileEncoding = 4; lastKnownFileType = text.script.python; lineEnding = 0; path = IAImageViewInteractive.py; sourceTree = "<group>"; xcLanguageSpecificationIdentifier = xcode.lang.python; };
		5A91FE900E95837F004954A0 /* IABackgroundRenderer.py */ = {isa = PBXFileReference; fileEncoding = 4; lastKnownFileType = text.script.python; lineEnding = 0; path = IABackgroundRenderer.py; sourceTree = "<group>"; usesTabs = 1; xcLanguageSpecificationIdentifier = xcode.lang.python; };
		5A91FE920E95837F004954A0 /* IASlider.py */ = {isa = PBXFileReference; fileEncoding = 4; lastKnownFileType = text.script.python; lineEnding = 0; path = IASlider.py; sourceTree = "<group>"; xcLanguageSpecificationIdentifier = xcode.lang.python; };
		5A91FF230E958EE6004954A0 /* ImageAlphaDocument.py */ = {isa = PBXFileReference; fileEncoding = 4; lastKnownFileType = text.script.python; lineEnding = 0; path = ImageAlphaDocument.py; sourceTree = "<group>"; usesTabs = 1; xcLanguageSpecificationIdentifier = xcode.lang.python; };
		5AA5327D0EE32FC700360305 /* IAImage.py */ = {isa = PBXFileReference; fileEncoding = 4; lastKnownFileType = text.script.python; lineEnding = 0; path = IAImage.py; sourceTree = "<group>"; xcLanguageSpecificationIdentifier = xcode.lang.python; };
		5AA71B4612FF268F002E5E77 /* ImageAlpha.tar.bz2 */ = {isa = PBXFileReference; lastKnownFileType = file; path = ImageAlpha.tar.bz2; sourceTree = BUILT_PRODUCTS_DIR; };
		5AA9BAB914268CED007E98AA /* Python.framework */ = {isa = PBXFileReference; lastKnownFileType = wrapper.framework; name = Python.framework; path = System/Library/Frameworks/Python.framework; sourceTree = SDKROOT; };
		5ABD764B0F0E78E700515CC9 /* pngnq.xcodeproj */ = {isa = PBXFileReference; lastKnownFileType = "wrapper.pb-project"; name = pngnq.xcodeproj; path = ../pngnq/pngnq.xcodeproj; sourceTree = SOURCE_ROOT; };
		5AD1805E0F4B732100370142 /* pngquant.xcodeproj */ = {isa = PBXFileReference; lastKnownFileType = "wrapper.pb-project"; name = pngquant.xcodeproj; path = ../pngquant/pngquant.xcodeproj; sourceTree = SOURCE_ROOT; };
		5AD99A441B6D619B000BC400 /* Sparkle.xcodeproj */ = {isa = PBXFileReference; lastKnownFileType = "wrapper.pb-project"; name = Sparkle.xcodeproj; path = Sparkle/Sparkle.xcodeproj; sourceTree = "<group>"; };
		5AED10DB139BAC1400FF5C69 /* release.xcconfig */ = {isa = PBXFileReference; lastKnownFileType = text.xcconfig; path = release.xcconfig; sourceTree = "<group>"; };
		5AED10DC139BAC1400FF5C69 /* debug.xcconfig */ = {isa = PBXFileReference; lastKnownFileType = text.xcconfig; path = debug.xcconfig; sourceTree = "<group>"; };
		77383F220C07AB8F0043B131 /* main.py */ = {isa = PBXFileReference; fileEncoding = 30; lastKnownFileType = text.script.python; lineEnding = 0; path = main.py; sourceTree = "<group>"; xcLanguageSpecificationIdentifier = xcode.lang.python; };
		779AE5F80C0A0980000694DF /* English */ = {isa = PBXFileReference; lastKnownFileType = file.xib; name = English; path = English.lproj/MainMenu.xib; sourceTree = "<group>"; };
		779AE5FA0C0A0980000694DF /* English */ = {isa = PBXFileReference; lastKnownFileType = file.xib; name = English; path = English.lproj/ImageAlphaDocument.xib; sourceTree = "<group>"; };
		8D15AC360486D014006FF6A4 /* Info.plist */ = {isa = PBXFileReference; fileEncoding = 4; lastKnownFileType = text.plist.xml; path = Info.plist; plistStructureDefinitionIdentifier = "<none>"; sourceTree = "<group>"; };
		8D15AC370486D014006FF6A4 /* ImageAlpha.app */ = {isa = PBXFileReference; explicitFileType = wrapper.application; includeInIndex = 0; path = ImageAlpha.app; sourceTree = BUILT_PRODUCTS_DIR; };
/* End PBXFileReference section */

/* Begin PBXFrameworksBuildPhase section */
		8D15AC330486D014006FF6A4 /* Frameworks */ = {
			isa = PBXFrameworksBuildPhase;
			buildActionMask = 2147483647;
			files = (
				8D15AC340486D014006FF6A4 /* Cocoa.framework in Frameworks */,
				5AA9BABA14268CED007E98AA /* Python.framework in Frameworks */,
				5A1C388D1F2A3D0400E21DAC /* QuartzCore.framework in Frameworks */,
				5AD99A5B1B6D61AF000BC400 /* Sparkle.framework in Frameworks */,
			);
			runOnlyForDeploymentPostprocessing = 0;
		};
/* End PBXFrameworksBuildPhase section */

/* Begin PBXGroup section */
		1058C7A6FEA54F5311CA2CBB /* Linked Frameworks */ = {
			isa = PBXGroup;
			children = (
				1058C7A7FEA54F5311CA2CBB /* Cocoa.framework */,
				5AA9BAB914268CED007E98AA /* Python.framework */,
			);
			name = "Linked Frameworks";
			sourceTree = "<group>";
		};
		1058C7A8FEA54F5311CA2CBB /* Other Frameworks */ = {
			isa = PBXGroup;
			children = (
				2A37F4C4FDCFA73011CA2CEA /* AppKit.framework */,
				13E42FBA07B3F13500E4EEF1 /* CoreData.framework */,
				2A37F4C5FDCFA73011CA2CEA /* Foundation.framework */,
				5AD99A441B6D619B000BC400 /* Sparkle.xcodeproj */,
			);
			name = "Other Frameworks";
			sourceTree = "<group>";
		};
		19C28FB0FE9D524F11CA2CBB /* Products */ = {
			isa = PBXGroup;
			children = (
				8D15AC370486D014006FF6A4 /* ImageAlpha.app */,
				5AA71B4612FF268F002E5E77 /* ImageAlpha.tar.bz2 */,
			);
			name = Products;
			sourceTree = "<group>";
		};
		2A37F4AAFDCFA73011CA2CEA /* ImageAlpha */ = {
			isa = PBXGroup;
			children = (
				5A3123451399A6BD00448815 /* libpng.xcodeproj */,
				5A3122DC1399A1CF00448815 /* posterizer.xcodeproj */,
				5AD1805E0F4B732100370142 /* pngquant.xcodeproj */,
				5ABD764B0F0E78E700515CC9 /* pngnq.xcodeproj */,
				2A37F4ABFDCFA73011CA2CEA /* Classes */,
				2A37F4AFFDCFA73011CA2CEA /* Other Sources */,
				5AED10DB139BAC1400FF5C69 /* release.xcconfig */,
				5AED10DC139BAC1400FF5C69 /* debug.xcconfig */,
				5A7B7EDF0F5CA4DD00F72F1F /* appcast.xml */,
				2A37F4B8FDCFA73011CA2CEA /* Resources */,
				2A37F4C3FDCFA73011CA2CEA /* Frameworks */,
				19C28FB0FE9D524F11CA2CBB /* Products */,
			);
			name = ImageAlpha;
			sourceTree = "<group>";
		};
		2A37F4ABFDCFA73011CA2CEA /* Classes */ = {
			isa = PBXGroup;
			children = (
				5AA5327C0EE32FAB00360305 /* Image */,
				5A91FE9B0E958383004954A0 /* UI */,
				5A3F4E8517A1F4D600469537 /* ImageAlphaApplication.h */,
				5A3F4E8617A1F4D600469537 /* ImageAlphaApplication.m */,
				5A91FF230E958EE6004954A0 /* ImageAlphaDocument.py */,
				5A3F4E5F17A1F3FE00469537 /* ImageAlphaDocumentC.h */,
				5A3F4E6017A1F3FE00469537 /* ImageAlphaDocumentC.m */,
			);
			name = Classes;
			sourceTree = "<group>";
		};
		2A37F4AFFDCFA73011CA2CEA /* Other Sources */ = {
			isa = PBXGroup;
			children = (
				32DBCF750370BD2300C91783 /* ImageAlpha_Prefix.pch */,
				2A37F4B0FDCFA73011CA2CEA /* main.m */,
				77383F220C07AB8F0043B131 /* main.py */,
			);
			name = "Other Sources";
			sourceTree = "<group>";
		};
		2A37F4B8FDCFA73011CA2CEA /* Resources */ = {
			isa = PBXGroup;
			children = (
				5A30108D0F55DE1B0083C154 /* textures */,
				5A8CE14A0F5B5CDD002ED669 /* dsa_pub.pem */,
				5A6B42DC0E96E50100ACA396 /* ImageAlpha.icns */,
				779AE5F90C0A0980000694DF /* ImageAlphaDocument.xib */,
				8D15AC360486D014006FF6A4 /* Info.plist */,
				779AE5F70C0A0980000694DF /* MainMenu.xib */,
			);
			name = Resources;
			sourceTree = "<group>";
		};
		2A37F4C3FDCFA73011CA2CEA /* Frameworks */ = {
			isa = PBXGroup;
			children = (
				1058C7A6FEA54F5311CA2CBB /* Linked Frameworks */,
				1058C7A8FEA54F5311CA2CBB /* Other Frameworks */,
				5A1C38831F2A3CDB00E21DAC /* QuartzCore.framework */,
			);
			name = Frameworks;
			sourceTree = "<group>";
		};
		5A3122DD1399A1CF00448815 /* Products */ = {
			isa = PBXGroup;
			children = (
				5A3122E11399A1CF00448815 /* posterizer */,
			);
			name = Products;
			sourceTree = "<group>";
		};
		5A3123461399A6BD00448815 /* Products */ = {
			isa = PBXGroup;
			children = (
				5A31234D1399A6BD00448815 /* liblibpng.dylib */,
				5AC0D6041410520900446066 /* libstatic.a */,
			);
			name = Products;
			sourceTree = "<group>";
		};
		5A91FE9B0E958383004954A0 /* UI */ = {
			isa = PBXGroup;
			children = (
				5A43016D16629393000E55BA /* IABackgroundRenderer.h */,
				5A43016E16629393000E55BA /* IABackgroundRenderer.m */,
				5A91FE900E95837F004954A0 /* IABackgroundRenderer.py */,
				5A91FE8A0E958375004954A0 /* IACollectionItem.py */,
				5A6E7F90153C99F400D00506 /* IAColorBackgroundRenderer.h */,
				5A6E7F91153C99F400D00506 /* IAColorBackgroundRenderer.m */,
				5A91FE8D0E95837F004954A0 /* IAImageView.py */,
				5A91FE8E0E95837F004954A0 /* IAImageViewInteractive.py */,
				5A2C9C5F150EAFE500E9245E /* IAPatternBackgroundRenderer.h */,
				5A2C9C60150EAFE600E9245E /* IAPatternBackgroundRenderer.m */,
				5A91FE920E95837F004954A0 /* IASlider.py */,
			);
			name = UI;
			sourceTree = "<group>";
		};
		5AA5327C0EE32FAB00360305 /* Image */ = {
			isa = PBXGroup;
			children = (
				5AA5327D0EE32FC700360305 /* IAImage.py */,
			);
			name = Image;
			sourceTree = "<group>";
		};
		5ABD764C0F0E78E700515CC9 /* Products */ = {
			isa = PBXGroup;
			children = (
				5ABD774A0F0E87ED00515CC9 /* pngcomp */,
				5ABD76500F0E78E700515CC9 /* pngnq */,
			);
			name = Products;
			sourceTree = "<group>";
		};
		5AD1805F0F4B732100370142 /* Products */ = {
			isa = PBXGroup;
			children = (
				5AD180630F4B732100370142 /* pngquant */,
				5A63037E1534E0C80036E553 /* pngquant-tests */,
			);
			name = Products;
			sourceTree = "<group>";
		};
		5AD99A451B6D619B000BC400 /* Products */ = {
			isa = PBXGroup;
			children = (
				5AD99A561B6D619C000BC400 /* BinaryDelta */,
				5A1C388A1F2A3CDB00E21DAC /* fileop */,
				5A1C388C1F2A3CDB00E21DAC /* generate_appcast */,
				5AD99A581B6D619C000BC400 /* Autoupdate.app */,
				5AD99A521B6D619C000BC400 /* Sparkle Test App.app */,
				5AD99A541B6D619C000BC400 /* Sparkle Unit Tests.xctest */,
				5AD99A501B6D619C000BC400 /* Sparkle.framework */,
				5A1C38881F2A3CDB00E21DAC /* UI Tests.xctest */,
			);
			name = Products;
			sourceTree = "<group>";
		};
/* End PBXGroup section */

/* Begin PBXNativeTarget section */
		8D15AC270486D014006FF6A4 /* ImageAlpha */ = {
			isa = PBXNativeTarget;
			buildConfigurationList = C05733C708A9546B00998B17 /* Build configuration list for PBXNativeTarget "ImageAlpha" */;
			buildPhases = (
				8D15AC2B0486D014006FF6A4 /* Resources */,
				8D15AC300486D014006FF6A4 /* Sources */,
				5AF2D49C1AED3A9200E761BA /* CopyFiles */,
				8D15AC330486D014006FF6A4 /* Frameworks */,
				5A8CE1460F5B5BD5002ED669 /* Copy Frameworks */,
			);
			buildRules = (
			);
			dependencies = (
				5AD99A5A1B6D61A8000BC400 /* PBXTargetDependency */,
				5A52B263167FD127009153F7 /* PBXTargetDependency */,
				5A8DB0F9140EBBF300475FA3 /* PBXTargetDependency */,
				5A937D5012FEDF30001D2786 /* PBXTargetDependency */,
				5A3122E31399A1E900448815 /* PBXTargetDependency */,
			);
			name = ImageAlpha;
			productInstallPath = "$(HOME)/Applications";
			productName = ImageAlpha;
			productReference = 8D15AC370486D014006FF6A4 /* ImageAlpha.app */;
			productType = "com.apple.product-type.application";
		};
/* End PBXNativeTarget section */

/* Begin PBXProject section */
		2A37F4A9FDCFA73011CA2CEA /* Project object */ = {
			isa = PBXProject;
			attributes = {
				BuildIndependentTargetsInParallel = YES;
				LastUpgradeCheck = 0900;
				TargetAttributes = {
					8D15AC270486D014006FF6A4 = {
						ProvisioningStyle = Manual;
					};
				};
			};
			buildConfigurationList = C05733CB08A9546B00998B17 /* Build configuration list for PBXProject "ImageAlpha" */;
			compatibilityVersion = "Xcode 8.0";
			developmentRegion = English;
			hasScannedForEncodings = 1;
			knownRegions = (
				English,
				Japanese,
				French,
				German,
			);
			mainGroup = 2A37F4AAFDCFA73011CA2CEA /* ImageAlpha */;
			projectDirPath = "";
			projectReferences = (
				{
					ProductGroup = 5A3123461399A6BD00448815 /* Products */;
					ProjectRef = 5A3123451399A6BD00448815 /* libpng.xcodeproj */;
				},
				{
					ProductGroup = 5ABD764C0F0E78E700515CC9 /* Products */;
					ProjectRef = 5ABD764B0F0E78E700515CC9 /* pngnq.xcodeproj */;
				},
				{
					ProductGroup = 5AD1805F0F4B732100370142 /* Products */;
					ProjectRef = 5AD1805E0F4B732100370142 /* pngquant.xcodeproj */;
				},
				{
					ProductGroup = 5A3122DD1399A1CF00448815 /* Products */;
					ProjectRef = 5A3122DC1399A1CF00448815 /* posterizer.xcodeproj */;
				},
				{
					ProductGroup = 5AD99A451B6D619B000BC400 /* Products */;
					ProjectRef = 5AD99A441B6D619B000BC400 /* Sparkle.xcodeproj */;
				},
			);
			projectRoot = "";
			targets = (
				8D15AC270486D014006FF6A4 /* ImageAlpha */,
				5A8CE1920F5B5E1D002ED669 /* Archive */,
			);
		};
/* End PBXProject section */

/* Begin PBXReferenceProxy section */
		5A1C38881F2A3CDB00E21DAC /* UI Tests.xctest */ = {
			isa = PBXReferenceProxy;
			fileType = wrapper.cfbundle;
			path = "UI Tests.xctest";
			remoteRef = 5A1C38871F2A3CDB00E21DAC /* PBXContainerItemProxy */;
			sourceTree = BUILT_PRODUCTS_DIR;
		};
		5A1C388A1F2A3CDB00E21DAC /* fileop */ = {
			isa = PBXReferenceProxy;
			fileType = "compiled.mach-o.executable";
			path = fileop;
			remoteRef = 5A1C38891F2A3CDB00E21DAC /* PBXContainerItemProxy */;
			sourceTree = BUILT_PRODUCTS_DIR;
		};
		5A1C388C1F2A3CDB00E21DAC /* generate_appcast */ = {
			isa = PBXReferenceProxy;
			fileType = "compiled.mach-o.executable";
			path = generate_appcast;
			remoteRef = 5A1C388B1F2A3CDB00E21DAC /* PBXContainerItemProxy */;
			sourceTree = BUILT_PRODUCTS_DIR;
		};
		5A3122E11399A1CF00448815 /* posterizer */ = {
			isa = PBXReferenceProxy;
			fileType = "compiled.mach-o.executable";
			path = posterizer;
			remoteRef = 5A3122E01399A1CF00448815 /* PBXContainerItemProxy */;
			sourceTree = BUILT_PRODUCTS_DIR;
		};
		5A31234D1399A6BD00448815 /* liblibpng.dylib */ = {
			isa = PBXReferenceProxy;
			fileType = "compiled.mach-o.dylib";
			path = liblibpng.dylib;
			remoteRef = 5A31234C1399A6BD00448815 /* PBXContainerItemProxy */;
			sourceTree = BUILT_PRODUCTS_DIR;
		};
		5A63037E1534E0C80036E553 /* pngquant-tests */ = {
			isa = PBXReferenceProxy;
			fileType = "compiled.mach-o.executable";
			path = "pngquant-tests";
			remoteRef = 5A63037D1534E0C80036E553 /* PBXContainerItemProxy */;
			sourceTree = BUILT_PRODUCTS_DIR;
		};
		5ABD76500F0E78E700515CC9 /* pngnq */ = {
			isa = PBXReferenceProxy;
			fileType = "compiled.mach-o.executable";
			path = pngnq;
			remoteRef = 5ABD764F0F0E78E700515CC9 /* PBXContainerItemProxy */;
			sourceTree = BUILT_PRODUCTS_DIR;
		};
		5ABD774A0F0E87ED00515CC9 /* pngcomp */ = {
			isa = PBXReferenceProxy;
			fileType = "compiled.mach-o.executable";
			path = pngcomp;
			remoteRef = 5ABD77490F0E87ED00515CC9 /* PBXContainerItemProxy */;
			sourceTree = BUILT_PRODUCTS_DIR;
		};
		5AC0D6041410520900446066 /* libstatic.a */ = {
			isa = PBXReferenceProxy;
			fileType = archive.ar;
			path = libstatic.a;
			remoteRef = 5AC0D6031410520900446066 /* PBXContainerItemProxy */;
			sourceTree = BUILT_PRODUCTS_DIR;
		};
		5AD180630F4B732100370142 /* pngquant */ = {
			isa = PBXReferenceProxy;
			fileType = "compiled.mach-o.executable";
			path = pngquant;
			remoteRef = 5AD180620F4B732100370142 /* PBXContainerItemProxy */;
			sourceTree = BUILT_PRODUCTS_DIR;
		};
		5AD99A501B6D619C000BC400 /* Sparkle.framework */ = {
			isa = PBXReferenceProxy;
			fileType = wrapper.framework;
			path = Sparkle.framework;
			remoteRef = 5AD99A4F1B6D619C000BC400 /* PBXContainerItemProxy */;
			sourceTree = BUILT_PRODUCTS_DIR;
		};
		5AD99A521B6D619C000BC400 /* Sparkle Test App.app */ = {
			isa = PBXReferenceProxy;
			fileType = wrapper.application;
			path = "Sparkle Test App.app";
			remoteRef = 5AD99A511B6D619C000BC400 /* PBXContainerItemProxy */;
			sourceTree = BUILT_PRODUCTS_DIR;
		};
		5AD99A541B6D619C000BC400 /* Sparkle Unit Tests.xctest */ = {
			isa = PBXReferenceProxy;
			fileType = wrapper.cfbundle;
			path = "Sparkle Unit Tests.xctest";
			remoteRef = 5AD99A531B6D619C000BC400 /* PBXContainerItemProxy */;
			sourceTree = BUILT_PRODUCTS_DIR;
		};
		5AD99A561B6D619C000BC400 /* BinaryDelta */ = {
			isa = PBXReferenceProxy;
			fileType = "compiled.mach-o.executable";
			path = BinaryDelta;
			remoteRef = 5AD99A551B6D619C000BC400 /* PBXContainerItemProxy */;
			sourceTree = BUILT_PRODUCTS_DIR;
		};
		5AD99A581B6D619C000BC400 /* Autoupdate.app */ = {
			isa = PBXReferenceProxy;
			fileType = wrapper.application;
			path = Autoupdate.app;
			remoteRef = 5AD99A571B6D619C000BC400 /* PBXContainerItemProxy */;
			sourceTree = BUILT_PRODUCTS_DIR;
		};
/* End PBXReferenceProxy section */

/* Begin PBXResourcesBuildPhase section */
		8D15AC2B0486D014006FF6A4 /* Resources */ = {
			isa = PBXResourcesBuildPhase;
			buildActionMask = 2147483647;
			files = (
				5A8CE14B0F5B5CDD002ED669 /* dsa_pub.pem in Resources */,
				5A91FE970E95837F004954A0 /* IABackgroundRenderer.py in Resources */,
				5A91FE8B0E958375004954A0 /* IACollectionItem.py in Resources */,
				5AA5327E0EE32FC700360305 /* IAImage.py in Resources */,
				5A91FE940E95837F004954A0 /* IAImageView.py in Resources */,
				5A91FE950E95837F004954A0 /* IAImageViewInteractive.py in Resources */,
				5A91FE990E95837F004954A0 /* IASlider.py in Resources */,
				5A6B42DD0E96E50100ACA396 /* ImageAlpha.icns in Resources */,
				5A91FF240E958EE6004954A0 /* ImageAlphaDocument.py in Resources */,
				779AE5FC0C0A0980000694DF /* ImageAlphaDocument.xib in Resources */,
				77383F230C07AB8F0043B131 /* main.py in Resources */,
				779AE5FB0C0A0980000694DF /* MainMenu.xib in Resources */,
				5A3010980F55DE1B0083C154 /* textures in Resources */,
			);
			runOnlyForDeploymentPostprocessing = 0;
		};
/* End PBXResourcesBuildPhase section */

/* Begin PBXShellScriptBuildPhase section */
		5A8CE1910F5B5E1D002ED669 /* ShellScript */ = {
			isa = PBXShellScriptBuildPhase;
			buildActionMask = 2147483647;
			files = (
			);
			inputPaths = (
				"$(BUILT_PRODUCTS_DIR)/ImageAlpha.app",
				"$(SRCROOT)/optimal_file_list",
			);
			outputPaths = (
				"$(TARGET_BUILD_DIR)/ImageAlpha.tar.bz2",
			);
			runOnlyForDeploymentPostprocessing = 0;
			shellPath = /bin/sh;
			shellScript = "find \"$TARGET_BUILD_DIR\" '(' -name '*.pyc' -or -name '*.cstemp' ')' -delete\ncd \"$BUILT_PRODUCTS_DIR/\" && tar cjf \"$TARGET_BUILD_DIR/ImageAlpha.tar.bz2\" \"ImageAlpha.app\"\n";
		};
/* End PBXShellScriptBuildPhase section */

/* Begin PBXSourcesBuildPhase section */
		8D15AC300486D014006FF6A4 /* Sources */ = {
			isa = PBXSourcesBuildPhase;
			buildActionMask = 2147483647;
			files = (
				5A43016F16629393000E55BA /* IABackgroundRenderer.m in Sources */,
				5A6E7F92153C99F400D00506 /* IAColorBackgroundRenderer.m in Sources */,
				5A2C9C61150EAFE600E9245E /* IAPatternBackgroundRenderer.m in Sources */,
				5A3F4E8717A1F4D600469537 /* ImageAlphaApplication.m in Sources */,
				5A3F4E6117A1F3FE00469537 /* ImageAlphaDocumentC.m in Sources */,
				8D15AC320486D014006FF6A4 /* main.m in Sources */,
			);
			runOnlyForDeploymentPostprocessing = 0;
		};
/* End PBXSourcesBuildPhase section */

/* Begin PBXTargetDependency section */
		5A3122E31399A1E900448815 /* PBXTargetDependency */ = {
			isa = PBXTargetDependency;
			name = posterizer;
			targetProxy = 5A3122E21399A1E900448815 /* PBXContainerItemProxy */;
		};
		5A52B263167FD127009153F7 /* PBXTargetDependency */ = {
			isa = PBXTargetDependency;
			name = "pngquant-openmp";
			targetProxy = 5A52B262167FD127009153F7 /* PBXContainerItemProxy */;
		};
		5A8CE1960F5B5E23002ED669 /* PBXTargetDependency */ = {
			isa = PBXTargetDependency;
			target = 8D15AC270486D014006FF6A4 /* ImageAlpha */;
			targetProxy = 5A8CE1950F5B5E23002ED669 /* PBXContainerItemProxy */;
		};
		5A8DB0F9140EBBF300475FA3 /* PBXTargetDependency */ = {
			isa = PBXTargetDependency;
			name = libpng;
			targetProxy = 5A8DB0F8140EBBF300475FA3 /* PBXContainerItemProxy */;
		};
		5A937D5012FEDF30001D2786 /* PBXTargetDependency */ = {
			isa = PBXTargetDependency;
			name = pngnq;
			targetProxy = 5A937D4F12FEDF30001D2786 /* PBXContainerItemProxy */;
		};
		5AD99A5A1B6D61A8000BC400 /* PBXTargetDependency */ = {
			isa = PBXTargetDependency;
			name = Sparkle;
			targetProxy = 5AD99A591B6D61A8000BC400 /* PBXContainerItemProxy */;
		};
/* End PBXTargetDependency section */

/* Begin PBXVariantGroup section */
		779AE5F70C0A0980000694DF /* MainMenu.xib */ = {
			isa = PBXVariantGroup;
			children = (
				779AE5F80C0A0980000694DF /* English */,
			);
			name = MainMenu.xib;
			sourceTree = "<group>";
		};
		779AE5F90C0A0980000694DF /* ImageAlphaDocument.xib */ = {
			isa = PBXVariantGroup;
			children = (
				779AE5FA0C0A0980000694DF /* English */,
			);
			name = ImageAlphaDocument.xib;
			sourceTree = "<group>";
		};
/* End PBXVariantGroup section */

/* Begin XCBuildConfiguration section */
		5A8CE1930F5B5E1D002ED669 /* Debug */ = {
			isa = XCBuildConfiguration;
			buildSettings = {
				PRODUCT_NAME = ImageAlpha;
			};
			name = Debug;
		};
		5A8CE1940F5B5E1D002ED669 /* Release */ = {
			isa = XCBuildConfiguration;
			buildSettings = {
				PRODUCT_NAME = ImageAlpha;
			};
			name = Release;
		};
		C05733C808A9546B00998B17 /* Debug */ = {
			isa = XCBuildConfiguration;
			buildSettings = {
				CODE_SIGN_IDENTITY = "Developer ID Application";
				CODE_SIGN_STYLE = Manual;
				COPY_PHASE_STRIP = NO;
				DEVELOPMENT_TEAM = 59KZTZA4XR;
				FRAMEWORK_SEARCH_PATHS = (
					"$(inherited)",
					"\"$(SRCROOT)\"",
				);
				GCC_DYNAMIC_NO_PIC = NO;
				GCC_OPTIMIZATION_LEVEL = 0;
				GCC_PRECOMPILE_PREFIX_HEADER = YES;
				GCC_PREFIX_HEADER = ImageAlpha_Prefix.pch;
				INFOPLIST_FILE = Info.plist;
				INSTALL_PATH = "$(HOME)/Applications";
				MACOSX_DEPLOYMENT_TARGET = 10.8;
				PRODUCT_BUNDLE_IDENTIFIER = net.pornel.ImageAlpha;
				PRODUCT_NAME = ImageAlpha;
				PROVISIONING_PROFILE_SPECIFIER = "";
				WRAPPER_EXTENSION = app;
			};
			name = Debug;
		};
		C05733C908A9546B00998B17 /* Release */ = {
			isa = XCBuildConfiguration;
			buildSettings = {
				CODE_SIGN_IDENTITY = "Developer ID Application";
				CODE_SIGN_STYLE = Manual;
				DEVELOPMENT_TEAM = 59KZTZA4XR;
				FRAMEWORK_SEARCH_PATHS = (
					"$(inherited)",
					"\"$(SRCROOT)\"",
				);
				GCC_PRECOMPILE_PREFIX_HEADER = YES;
				GCC_PREFIX_HEADER = ImageAlpha_Prefix.pch;
				INFOPLIST_FILE = Info.plist;
				INSTALL_PATH = "$(HOME)/Applications";
				MACOSX_DEPLOYMENT_TARGET = 10.8;
				PRODUCT_BUNDLE_IDENTIFIER = net.pornel.ImageAlpha;
				PRODUCT_NAME = ImageAlpha;
				PROVISIONING_PROFILE_SPECIFIER = "";
				WRAPPER_EXTENSION = app;
			};
			name = Release;
		};
		C05733CC08A9546B00998B17 /* Debug */ = {
			isa = XCBuildConfiguration;
			baseConfigurationReference = 5AED10DC139BAC1400FF5C69 /* debug.xcconfig */;
			buildSettings = {
				CLANG_ANALYZER_LOCALIZABILITY_NONLOCALIZED = YES;
				CLANG_WARN_BLOCK_CAPTURE_AUTORELEASING = YES;
				CLANG_WARN_BOOL_CONVERSION = YES;
				CLANG_WARN_COMMA = YES;
				CLANG_WARN_CONSTANT_CONVERSION = YES;
				CLANG_WARN_EMPTY_BODY = YES;
				CLANG_WARN_ENUM_CONVERSION = YES;
				CLANG_WARN_INFINITE_RECURSION = YES;
				CLANG_WARN_INT_CONVERSION = YES;
				CLANG_WARN_NON_LITERAL_NULL_CONVERSION = YES;
				CLANG_WARN_OBJC_LITERAL_CONVERSION = YES;
				CLANG_WARN_RANGE_LOOP_ANALYSIS = YES;
				CLANG_WARN_STRICT_PROTOTYPES = YES;
				CLANG_WARN_SUSPICIOUS_MOVE = YES;
				CLANG_WARN_UNREACHABLE_CODE = YES;
				CLANG_WARN__DUPLICATE_METHOD_MATCH = YES;
				ENABLE_STRICT_OBJC_MSGSEND = YES;
				ENABLE_TESTABILITY = YES;
				GCC_NO_COMMON_BLOCKS = YES;
				GCC_WARN_64_TO_32_BIT_CONVERSION = YES;
				GCC_WARN_ABOUT_RETURN_TYPE = YES;
				GCC_WARN_UNDECLARED_SELECTOR = YES;
				GCC_WARN_UNUSED_VARIABLE = YES;
				ONLY_ACTIVE_ARCH = YES;
			};
			name = Debug;
		};
		C05733CD08A9546B00998B17 /* Release */ = {
			isa = XCBuildConfiguration;
			baseConfigurationReference = 5AED10DB139BAC1400FF5C69 /* release.xcconfig */;
			buildSettings = {
				CLANG_ANALYZER_LOCALIZABILITY_NONLOCALIZED = YES;
				CLANG_WARN_BLOCK_CAPTURE_AUTORELEASING = YES;
				CLANG_WARN_BOOL_CONVERSION = YES;
				CLANG_WARN_COMMA = YES;
				CLANG_WARN_CONSTANT_CONVERSION = YES;
				CLANG_WARN_EMPTY_BODY = YES;
				CLANG_WARN_ENUM_CONVERSION = YES;
				CLANG_WARN_INFINITE_RECURSION = YES;
				CLANG_WARN_INT_CONVERSION = YES;
				CLANG_WARN_NON_LITERAL_NULL_CONVERSION = YES;
				CLANG_WARN_OBJC_LITERAL_CONVERSION = YES;
				CLANG_WARN_RANGE_LOOP_ANALYSIS = YES;
				CLANG_WARN_STRICT_PROTOTYPES = YES;
				CLANG_WARN_SUSPICIOUS_MOVE = YES;
				CLANG_WARN_UNREACHABLE_CODE = YES;
				CLANG_WARN__DUPLICATE_METHOD_MATCH = YES;
				DEPLOYMENT_POSTPROCESSING = YES;
				ENABLE_STRICT_OBJC_MSGSEND = YES;
				GCC_FAST_MATH = YES;
				GCC_INLINES_ARE_PRIVATE_EXTERN = YES;
				GCC_NO_COMMON_BLOCKS = YES;
				GCC_OBJC_CALL_CXX_CDTORS = NO;
				GCC_STRICT_ALIASING = YES;
				GCC_SYMBOLS_PRIVATE_EXTERN = YES;
				GCC_TREAT_IMPLICIT_FUNCTION_DECLARATIONS_AS_ERRORS = YES;
				GCC_TREAT_NONCONFORMANT_CODE_ERRORS_AS_WARNINGS = YES;
				GCC_TREAT_WARNINGS_AS_ERRORS = YES;
				GCC_WARN_64_TO_32_BIT_CONVERSION = YES;
				GCC_WARN_ABOUT_MISSING_PROTOTYPES = YES;
				GCC_WARN_ABOUT_RETURN_TYPE = YES;
				GCC_WARN_CHECK_SWITCH_STATEMENTS = YES;
				GCC_WARN_FOUR_CHARACTER_CONSTANTS = NO;
				GCC_WARN_INITIALIZER_NOT_FULLY_BRACKETED = YES;
				GCC_WARN_PROTOTYPE_CONVERSION = NO;
				GCC_WARN_SHADOW = NO;
				GCC_WARN_SIGN_COMPARE = YES;
				GCC_WARN_TYPECHECK_CALLS_TO_PRINTF = YES;
				GCC_WARN_UNDECLARED_SELECTOR = YES;
				GCC_WARN_UNINITIALIZED_AUTOS = YES;
				GCC_WARN_UNUSED_FUNCTION = YES;
				GCC_WARN_UNUSED_LABEL = YES;
				GCC_WARN_UNUSED_PARAMETER = NO;
				GCC_WARN_UNUSED_VALUE = YES;
				GCC_WARN_UNUSED_VARIABLE = YES;
			};
			name = Release;
		};
/* End XCBuildConfiguration section */

/* Begin XCConfigurationList section */
		5A8CE1980F5B5E4F002ED669 /* Build configuration list for PBXAggregateTarget "Archive" */ = {
			isa = XCConfigurationList;
			buildConfigurations = (
				5A8CE1930F5B5E1D002ED669 /* Debug */,
				5A8CE1940F5B5E1D002ED669 /* Release */,
			);
			defaultConfigurationIsVisible = 0;
			defaultConfigurationName = Release;
		};
		C05733C708A9546B00998B17 /* Build configuration list for PBXNativeTarget "ImageAlpha" */ = {
			isa = XCConfigurationList;
			buildConfigurations = (
				C05733C808A9546B00998B17 /* Debug */,
				C05733C908A9546B00998B17 /* Release */,
			);
			defaultConfigurationIsVisible = 0;
			defaultConfigurationName = Release;
		};
		C05733CB08A9546B00998B17 /* Build configuration list for PBXProject "ImageAlpha" */ = {
			isa = XCConfigurationList;
			buildConfigurations = (
				C05733CC08A9546B00998B17 /* Debug */,
				C05733CD08A9546B00998B17 /* Release */,
			);
			defaultConfigurationIsVisible = 0;
			defaultConfigurationName = Release;
		};
/* End XCConfigurationList section */
	};
	rootObject = 2A37F4A9FDCFA73011CA2CEA /* Project object */;
}
