// !$*UTF8*$!
{
	archiveVersion = 1;
	classes = {
	};
	objectVersion = 44;
	objects = {

/* Begin PBXAggregateTarget section */
		5A8CE1920F5B5E1D002ED669 /* Archive */ = {
			isa = PBXAggregateTarget;
			buildConfigurationList = 5A8CE1980F5B5E4F002ED669 /* Build configuration list for PBXAggregateTarget "Archive" */;
			buildPhases = (
				5A8CE1910F5B5E1D002ED669 /* ShellScript */,
				5A8CE19A0F5B5E9D002ED669 /* ShellScript */,
			);
			dependencies = (
				5A8CE1960F5B5E23002ED669 /* PBXTargetDependency */,
			);
			name = Archive;
			productName = Archive;
		};
/* End PBXAggregateTarget section */

/* Begin PBXBuildFile section */
		5A3010980F55DE1B0083C154 /* textures in Resources */ = {isa = PBXBuildFile; fileRef = 5A30108D0F55DE1B0083C154 /* textures */; };
		5A6B42DD0E96E50100ACA396 /* ImageAlpha.icns in Resources */ = {isa = PBXBuildFile; fileRef = 5A6B42DC0E96E50100ACA396 /* ImageAlpha.icns */; };
		5A8CE1350F5B5BA0002ED669 /* Sparkle.framework in Frameworks */ = {isa = PBXBuildFile; fileRef = 5A8CE1340F5B5BA0002ED669 /* Sparkle.framework */; };
		5A8CE1420F5B5BD3002ED669 /* Sparkle.framework in CopyFiles */ = {isa = PBXBuildFile; fileRef = 5A8CE1340F5B5BA0002ED669 /* Sparkle.framework */; };
		5A8CE14B0F5B5CDD002ED669 /* dsa_pub.pem in Resources */ = {isa = PBXBuildFile; fileRef = 5A8CE14A0F5B5CDD002ED669 /* dsa_pub.pem */; };
		5A91FE8B0E958375004954A0 /* IACollectionItem.py in Resources */ = {isa = PBXBuildFile; fileRef = 5A91FE8A0E958375004954A0 /* IACollectionItem.py */; };
		5A91FE930E95837F004954A0 /* IAApplication.py in Resources */ = {isa = PBXBuildFile; fileRef = 5A91FE8C0E95837F004954A0 /* IAApplication.py */; };
		5A91FE940E95837F004954A0 /* IAImageView.py in Resources */ = {isa = PBXBuildFile; fileRef = 5A91FE8D0E95837F004954A0 /* IAImageView.py */; };
		5A91FE950E95837F004954A0 /* IAImageViewInteractive.py in Resources */ = {isa = PBXBuildFile; fileRef = 5A91FE8E0E95837F004954A0 /* IAImageViewInteractive.py */; };
		5A91FE970E95837F004954A0 /* IABackgroundRenderer.py in Resources */ = {isa = PBXBuildFile; fileRef = 5A91FE900E95837F004954A0 /* IABackgroundRenderer.py */; };
		5A91FE990E95837F004954A0 /* IASlider.py in Resources */ = {isa = PBXBuildFile; fileRef = 5A91FE920E95837F004954A0 /* IASlider.py */; };
		5A91FF240E958EE6004954A0 /* ImageAlphaDocument.py in Resources */ = {isa = PBXBuildFile; fileRef = 5A91FF230E958EE6004954A0 /* ImageAlphaDocument.py */; };
		5AA5327E0EE32FC700360305 /* IAImage.py in Resources */ = {isa = PBXBuildFile; fileRef = 5AA5327D0EE32FC700360305 /* IAImage.py */; };
		5ABD76510F0E791500515CC9 /* pngnq in Resources */ = {isa = PBXBuildFile; fileRef = 5ABD76500F0E78E700515CC9 /* pngnq */; };
		5AD1807B0F4B738000370142 /* pngquant in Resources */ = {isa = PBXBuildFile; fileRef = 5AD180630F4B732100370142 /* pngquant */; };
		77383F230C07AB8F0043B131 /* main.py in Resources */ = {isa = PBXBuildFile; fileRef = 77383F220C07AB8F0043B131 /* main.py */; };
		77383F380C07B0890043B131 /* Python.framework in Frameworks */ = {isa = PBXBuildFile; fileRef = 77383F370C07B0890043B131 /* Python.framework */; };
		779AE5FB0C0A0980000694DF /* MainMenu.xib in Resources */ = {isa = PBXBuildFile; fileRef = 779AE5F70C0A0980000694DF /* MainMenu.xib */; };
		779AE5FC0C0A0980000694DF /* ImageAlphaDocument.xib in Resources */ = {isa = PBXBuildFile; fileRef = 779AE5F90C0A0980000694DF /* ImageAlphaDocument.xib */; };
		8D15AC2C0486D014006FF6A4 /* Credits.rtf in Resources */ = {isa = PBXBuildFile; fileRef = 2A37F4B9FDCFA73011CA2CEA /* Credits.rtf */; };
		8D15AC2F0486D014006FF6A4 /* InfoPlist.strings in Resources */ = {isa = PBXBuildFile; fileRef = 089C165FFE840EACC02AAC07 /* InfoPlist.strings */; };
		8D15AC320486D014006FF6A4 /* main.m in Sources */ = {isa = PBXBuildFile; fileRef = 2A37F4B0FDCFA73011CA2CEA /* main.m */; settings = {ATTRIBUTES = (); }; };
		8D15AC340486D014006FF6A4 /* Cocoa.framework in Frameworks */ = {isa = PBXBuildFile; fileRef = 1058C7A7FEA54F5311CA2CBB /* Cocoa.framework */; };
/* End PBXBuildFile section */

/* Begin PBXContainerItemProxy section */
		5A8CE1950F5B5E23002ED669 /* PBXContainerItemProxy */ = {
			isa = PBXContainerItemProxy;
			containerPortal = 2A37F4A9FDCFA73011CA2CEA /* Project object */;
			proxyType = 1;
			remoteGlobalIDString = 8D15AC270486D014006FF6A4;
			remoteInfo = ImageAlpha;
		};
		5ABD764F0F0E78E700515CC9 /* PBXContainerItemProxy */ = {
			isa = PBXContainerItemProxy;
			containerPortal = 5ABD764B0F0E78E700515CC9 /* pngnq.xcodeproj */;
			proxyType = 2;
			remoteGlobalIDString = 8DD76FB20486AB0100D96B5E;
			remoteInfo = pngnq;
		};
		5ABD77490F0E87ED00515CC9 /* PBXContainerItemProxy */ = {
			isa = PBXContainerItemProxy;
			containerPortal = 5ABD764B0F0E78E700515CC9 /* pngnq.xcodeproj */;
			proxyType = 2;
			remoteGlobalIDString = 5ABD77440F0E87ED00515CC9;
			remoteInfo = pngcomp;
		};
		5AD180620F4B732100370142 /* PBXContainerItemProxy */ = {
			isa = PBXContainerItemProxy;
			containerPortal = 5AD1805E0F4B732100370142 /* pngquant.xcodeproj */;
			proxyType = 2;
			remoteGlobalIDString = 8DD76FB20486AB0100D96B5E;
			remoteInfo = pngquant;
		};
/* End PBXContainerItemProxy section */

/* Begin PBXCopyFilesBuildPhase section */
		5A8CE1460F5B5BD5002ED669 /* CopyFiles */ = {
			isa = PBXCopyFilesBuildPhase;
			buildActionMask = 2147483647;
			dstPath = "";
			dstSubfolderSpec = 10;
			files = (
				5A8CE1420F5B5BD3002ED669 /* Sparkle.framework in CopyFiles */,
			);
			runOnlyForDeploymentPostprocessing = 0;
		};
/* End PBXCopyFilesBuildPhase section */

/* Begin PBXFileReference section */
		089C1660FE840EACC02AAC07 /* English */ = {isa = PBXFileReference; fileEncoding = 10; lastKnownFileType = text.plist.strings; name = English; path = English.lproj/InfoPlist.strings; sourceTree = "<group>"; };
		1058C7A7FEA54F5311CA2CBB /* Cocoa.framework */ = {isa = PBXFileReference; lastKnownFileType = wrapper.framework; name = Cocoa.framework; path = /System/Library/Frameworks/Cocoa.framework; sourceTree = "<absolute>"; };
		13E42FBA07B3F13500E4EEF1 /* CoreData.framework */ = {isa = PBXFileReference; lastKnownFileType = wrapper.framework; name = CoreData.framework; path = /System/Library/Frameworks/CoreData.framework; sourceTree = "<absolute>"; };
		2A37F4B0FDCFA73011CA2CEA /* main.m */ = {isa = PBXFileReference; fileEncoding = 4; lastKnownFileType = sourcecode.c.objc; path = main.m; sourceTree = "<group>"; };
		2A37F4BAFDCFA73011CA2CEA /* English */ = {isa = PBXFileReference; lastKnownFileType = text.rtf; name = English; path = English.lproj/Credits.rtf; sourceTree = "<group>"; };
		2A37F4C4FDCFA73011CA2CEA /* AppKit.framework */ = {isa = PBXFileReference; lastKnownFileType = wrapper.framework; name = AppKit.framework; path = /System/Library/Frameworks/AppKit.framework; sourceTree = "<absolute>"; };
		2A37F4C5FDCFA73011CA2CEA /* Foundation.framework */ = {isa = PBXFileReference; lastKnownFileType = wrapper.framework; name = Foundation.framework; path = /System/Library/Frameworks/Foundation.framework; sourceTree = "<absolute>"; };
		32DBCF750370BD2300C91783 /* ImageAlpha_Prefix.pch */ = {isa = PBXFileReference; fileEncoding = 4; lastKnownFileType = sourcecode.c.h; path = ImageAlpha_Prefix.pch; sourceTree = "<group>"; };
		5A30108D0F55DE1B0083C154 /* textures */ = {isa = PBXFileReference; lastKnownFileType = folder; path = textures; sourceTree = "<group>"; };
		5A6B42DC0E96E50100ACA396 /* ImageAlpha.icns */ = {isa = PBXFileReference; lastKnownFileType = image.icns; path = ImageAlpha.icns; sourceTree = "<group>"; };
		5A7B7EDF0F5CA4DD00F72F1F /* appcast.xml */ = {isa = PBXFileReference; fileEncoding = 4; lastKnownFileType = text.xml; path = appcast.xml; sourceTree = "<group>"; };
		5A8CE1340F5B5BA0002ED669 /* Sparkle.framework */ = {isa = PBXFileReference; lastKnownFileType = wrapper.framework; path = Sparkle.framework; sourceTree = "<group>"; };
		5A8CE14A0F5B5CDD002ED669 /* dsa_pub.pem */ = {isa = PBXFileReference; fileEncoding = 4; lastKnownFileType = text; path = dsa_pub.pem; sourceTree = "<group>"; };
		5A91FE8A0E958375004954A0 /* IACollectionItem.py */ = {isa = PBXFileReference; fileEncoding = 4; lastKnownFileType = text.script.python; path = IACollectionItem.py; sourceTree = "<group>"; };
		5A91FE8C0E95837F004954A0 /* IAApplication.py */ = {isa = PBXFileReference; fileEncoding = 4; lastKnownFileType = text.script.python; path = IAApplication.py; sourceTree = "<group>"; };
		5A91FE8D0E95837F004954A0 /* IAImageView.py */ = {isa = PBXFileReference; fileEncoding = 4; lastKnownFileType = text.script.python; path = IAImageView.py; sourceTree = "<group>"; };
		5A91FE8E0E95837F004954A0 /* IAImageViewInteractive.py */ = {isa = PBXFileReference; fileEncoding = 4; lastKnownFileType = text.script.python; path = IAImageViewInteractive.py; sourceTree = "<group>"; };
		5A91FE900E95837F004954A0 /* IABackgroundRenderer.py */ = {isa = PBXFileReference; fileEncoding = 4; lastKnownFileType = text.script.python; path = IABackgroundRenderer.py; sourceTree = "<group>"; };
		5A91FE920E95837F004954A0 /* IASlider.py */ = {isa = PBXFileReference; fileEncoding = 4; lastKnownFileType = text.script.python; path = IASlider.py; sourceTree = "<group>"; };
		5A91FF230E958EE6004954A0 /* ImageAlphaDocument.py */ = {isa = PBXFileReference; fileEncoding = 4; lastKnownFileType = text.script.python; path = ImageAlphaDocument.py; sourceTree = "<group>"; };
		5AA5327D0EE32FC700360305 /* IAImage.py */ = {isa = PBXFileReference; fileEncoding = 4; lastKnownFileType = text.script.python; path = IAImage.py; sourceTree = "<group>"; };
		5ABD764B0F0E78E700515CC9 /* pngnq.xcodeproj */ = {isa = PBXFileReference; lastKnownFileType = "wrapper.pb-project"; name = pngnq.xcodeproj; path = ../pngnq/pngnq.xcodeproj; sourceTree = SOURCE_ROOT; };
		5AD1805E0F4B732100370142 /* pngquant.xcodeproj */ = {isa = PBXFileReference; lastKnownFileType = "wrapper.pb-project"; name = pngquant.xcodeproj; path = ../pngquant/pngquant.xcodeproj; sourceTree = SOURCE_ROOT; };
		77383F220C07AB8F0043B131 /* main.py */ = {isa = PBXFileReference; fileEncoding = 30; lastKnownFileType = text.script.python; path = main.py; sourceTree = "<group>"; };
		77383F370C07B0890043B131 /* Python.framework */ = {isa = PBXFileReference; lastKnownFileType = wrapper.framework; name = Python.framework; path = /System/Library/Frameworks/Python.framework; sourceTree = "<absolute>"; };
		779AE5F80C0A0980000694DF /* English */ = {isa = PBXFileReference; lastKnownFileType = file.xib; name = English; path = English.lproj/MainMenu.xib; sourceTree = "<group>"; };
		779AE5FA0C0A0980000694DF /* English */ = {isa = PBXFileReference; lastKnownFileType = file.xib; name = English; path = English.lproj/ImageAlphaDocument.xib; sourceTree = "<group>"; };
		8D15AC360486D014006FF6A4 /* Info.plist */ = {isa = PBXFileReference; fileEncoding = 4; lastKnownFileType = text.plist.xml; path = Info.plist; sourceTree = "<group>"; };
		8D15AC370486D014006FF6A4 /* ImageAlpha.app */ = {isa = PBXFileReference; explicitFileType = wrapper.application; includeInIndex = 0; path = ImageAlpha.app; sourceTree = BUILT_PRODUCTS_DIR; };
/* End PBXFileReference section */

/* Begin PBXFrameworksBuildPhase section */
		8D15AC330486D014006FF6A4 /* Frameworks */ = {
			isa = PBXFrameworksBuildPhase;
			buildActionMask = 2147483647;
			files = (
				8D15AC340486D014006FF6A4 /* Cocoa.framework in Frameworks */,
				77383F380C07B0890043B131 /* Python.framework in Frameworks */,
				5A8CE1350F5B5BA0002ED669 /* Sparkle.framework in Frameworks */,
			);
			runOnlyForDeploymentPostprocessing = 0;
		};
/* End PBXFrameworksBuildPhase section */

/* Begin PBXGroup section */
		1058C7A6FEA54F5311CA2CBB /* Linked Frameworks */ = {
			isa = PBXGroup;
			children = (
				5A8CE1340F5B5BA0002ED669 /* Sparkle.framework */,
				77383F370C07B0890043B131 /* Python.framework */,
				1058C7A7FEA54F5311CA2CBB /* Cocoa.framework */,
			);
			name = "Linked Frameworks";
			sourceTree = "<group>";
		};
		1058C7A8FEA54F5311CA2CBB /* Other Frameworks */ = {
			isa = PBXGroup;
			children = (
				2A37F4C4FDCFA73011CA2CEA /* AppKit.framework */,
				13E42FBA07B3F13500E4EEF1 /* CoreData.framework */,
				2A37F4C5FDCFA73011CA2CEA /* Foundation.framework */,
			);
			name = "Other Frameworks";
			sourceTree = "<group>";
		};
		19C28FB0FE9D524F11CA2CBB /* Products */ = {
			isa = PBXGroup;
			children = (
				8D15AC370486D014006FF6A4 /* ImageAlpha.app */,
			);
			name = Products;
			sourceTree = "<group>";
		};
		2A37F4AAFDCFA73011CA2CEA /* ImageAlpha */ = {
			isa = PBXGroup;
			children = (
				5A7B7EDF0F5CA4DD00F72F1F /* appcast.xml */,
				5AD1805E0F4B732100370142 /* pngquant.xcodeproj */,
				5ABD764B0F0E78E700515CC9 /* pngnq.xcodeproj */,
				2A37F4ABFDCFA73011CA2CEA /* Classes */,
				2A37F4AFFDCFA73011CA2CEA /* Other Sources */,
				2A37F4B8FDCFA73011CA2CEA /* Resources */,
				2A37F4C3FDCFA73011CA2CEA /* Frameworks */,
				19C28FB0FE9D524F11CA2CBB /* Products */,
			);
			name = ImageAlpha;
			sourceTree = "<group>";
		};
		2A37F4ABFDCFA73011CA2CEA /* Classes */ = {
			isa = PBXGroup;
			children = (
				5AA5327C0EE32FAB00360305 /* Image */,
				5A91FE9B0E958383004954A0 /* UI */,
				5A91FE8C0E95837F004954A0 /* IAApplication.py */,
				5A91FF230E958EE6004954A0 /* ImageAlphaDocument.py */,
			);
			name = Classes;
			sourceTree = "<group>";
		};
		2A37F4AFFDCFA73011CA2CEA /* Other Sources */ = {
			isa = PBXGroup;
			children = (
				32DBCF750370BD2300C91783 /* ImageAlpha_Prefix.pch */,
				2A37F4B0FDCFA73011CA2CEA /* main.m */,
				77383F220C07AB8F0043B131 /* main.py */,
			);
			name = "Other Sources";
			sourceTree = "<group>";
		};
		2A37F4B8FDCFA73011CA2CEA /* Resources */ = {
			isa = PBXGroup;
			children = (
				5A8CE14A0F5B5CDD002ED669 /* dsa_pub.pem */,
				5A30108D0F55DE1B0083C154 /* textures */,
				5A6B42DC0E96E50100ACA396 /* ImageAlpha.icns */,
				779AE5F70C0A0980000694DF /* MainMenu.xib */,
				779AE5F90C0A0980000694DF /* ImageAlphaDocument.xib */,
				2A37F4B9FDCFA73011CA2CEA /* Credits.rtf */,
				8D15AC360486D014006FF6A4 /* Info.plist */,
				089C165FFE840EACC02AAC07 /* InfoPlist.strings */,
			);
			name = Resources;
			sourceTree = "<group>";
		};
		2A37F4C3FDCFA73011CA2CEA /* Frameworks */ = {
			isa = PBXGroup;
			children = (
				1058C7A6FEA54F5311CA2CBB /* Linked Frameworks */,
				1058C7A8FEA54F5311CA2CBB /* Other Frameworks */,
			);
			name = Frameworks;
			sourceTree = "<group>";
		};
		5A91FE9B0E958383004954A0 /* UI */ = {
			isa = PBXGroup;
			children = (
				5A91FE900E95837F004954A0 /* IABackgroundRenderer.py */,
				5A91FE920E95837F004954A0 /* IASlider.py */,
				5A91FE8A0E958375004954A0 /* IACollectionItem.py */,
				5A91FE8D0E95837F004954A0 /* IAImageView.py */,
				5A91FE8E0E95837F004954A0 /* IAImageViewInteractive.py */,
			);
			name = UI;
			sourceTree = "<group>";
		};
		5AA5327C0EE32FAB00360305 /* Image */ = {
			isa = PBXGroup;
			children = (
				5AA5327D0EE32FC700360305 /* IAImage.py */,
			);
			name = Image;
			sourceTree = "<group>";
		};
		5ABD764C0F0E78E700515CC9 /* Products */ = {
			isa = PBXGroup;
			children = (
				5ABD76500F0E78E700515CC9 /* pngnq */,
				5ABD774A0F0E87ED00515CC9 /* pngcomp */,
			);
			name = Products;
			sourceTree = "<group>";
		};
		5AD1805F0F4B732100370142 /* Products */ = {
			isa = PBXGroup;
			children = (
				5AD180630F4B732100370142 /* pngquant */,
			);
			name = Products;
			sourceTree = "<group>";
		};
/* End PBXGroup section */

/* Begin PBXNativeTarget section */
		8D15AC270486D014006FF6A4 /* ImageAlpha */ = {
			isa = PBXNativeTarget;
			buildConfigurationList = C05733C708A9546B00998B17 /* Build configuration list for PBXNativeTarget "ImageAlpha" */;
			buildPhases = (
				8D15AC2B0486D014006FF6A4 /* Resources */,
				8D15AC300486D014006FF6A4 /* Sources */,
				8D15AC330486D014006FF6A4 /* Frameworks */,
				5A8CE1460F5B5BD5002ED669 /* CopyFiles */,
			);
			buildRules = (
			);
			dependencies = (
			);
			name = ImageAlpha;
			productInstallPath = "$(HOME)/Applications";
			productName = ImageAlpha;
			productReference = 8D15AC370486D014006FF6A4 /* ImageAlpha.app */;
			productType = "com.apple.product-type.application";
		};
/* End PBXNativeTarget section */

/* Begin PBXProject section */
		2A37F4A9FDCFA73011CA2CEA /* Project object */ = {
			isa = PBXProject;
			buildConfigurationList = C05733CB08A9546B00998B17 /* Build configuration list for PBXProject "ImageAlpha" */;
			compatibilityVersion = "Xcode 3.0";
			hasScannedForEncodings = 1;
			mainGroup = 2A37F4AAFDCFA73011CA2CEA /* ImageAlpha */;
			projectDirPath = "";
			projectReferences = (
				{
					ProductGroup = 5ABD764C0F0E78E700515CC9 /* Products */;
					ProjectRef = 5ABD764B0F0E78E700515CC9 /* pngnq.xcodeproj */;
				},
				{
					ProductGroup = 5AD1805F0F4B732100370142 /* Products */;
					ProjectRef = 5AD1805E0F4B732100370142 /* pngquant.xcodeproj */;
				},
			);
			projectRoot = "";
			targets = (
				8D15AC270486D014006FF6A4 /* ImageAlpha */,
				5A8CE1920F5B5E1D002ED669 /* Archive */,
			);
		};
/* End PBXProject section */

/* Begin PBXReferenceProxy section */
		5ABD76500F0E78E700515CC9 /* pngnq */ = {
			isa = PBXReferenceProxy;
			fileType = "compiled.mach-o.executable";
			path = pngnq;
			remoteRef = 5ABD764F0F0E78E700515CC9 /* PBXContainerItemProxy */;
			sourceTree = BUILT_PRODUCTS_DIR;
		};
		5ABD774A0F0E87ED00515CC9 /* pngcomp */ = {
			isa = PBXReferenceProxy;
			fileType = "compiled.mach-o.executable";
			path = pngcomp;
			remoteRef = 5ABD77490F0E87ED00515CC9 /* PBXContainerItemProxy */;
			sourceTree = BUILT_PRODUCTS_DIR;
		};
		5AD180630F4B732100370142 /* pngquant */ = {
			isa = PBXReferenceProxy;
			fileType = "compiled.mach-o.executable";
			path = pngquant;
			remoteRef = 5AD180620F4B732100370142 /* PBXContainerItemProxy */;
			sourceTree = BUILT_PRODUCTS_DIR;
		};
/* End PBXReferenceProxy section */

/* Begin PBXResourcesBuildPhase section */
		8D15AC2B0486D014006FF6A4 /* Resources */ = {
			isa = PBXResourcesBuildPhase;
			buildActionMask = 2147483647;
			files = (
				5ABD76510F0E791500515CC9 /* pngnq in Resources */,
				5AD1807B0F4B738000370142 /* pngquant in Resources */,
				8D15AC2C0486D014006FF6A4 /* Credits.rtf in Resources */,
				8D15AC2F0486D014006FF6A4 /* InfoPlist.strings in Resources */,
				77383F230C07AB8F0043B131 /* main.py in Resources */,
				779AE5FB0C0A0980000694DF /* MainMenu.xib in Resources */,
				779AE5FC0C0A0980000694DF /* ImageAlphaDocument.xib in Resources */,
				5A91FE8B0E958375004954A0 /* IACollectionItem.py in Resources */,
				5A91FE930E95837F004954A0 /* IAApplication.py in Resources */,
				5A91FE940E95837F004954A0 /* IAImageView.py in Resources */,
				5A91FE950E95837F004954A0 /* IAImageViewInteractive.py in Resources */,
				5A91FE970E95837F004954A0 /* IABackgroundRenderer.py in Resources */,
				5A91FE990E95837F004954A0 /* IASlider.py in Resources */,
				5A91FF240E958EE6004954A0 /* ImageAlphaDocument.py in Resources */,
				5A6B42DD0E96E50100ACA396 /* ImageAlpha.icns in Resources */,
				5AA5327E0EE32FC700360305 /* IAImage.py in Resources */,
				5A3010980F55DE1B0083C154 /* textures in Resources */,
				5A8CE14B0F5B5CDD002ED669 /* dsa_pub.pem in Resources */,
			);
			runOnlyForDeploymentPostprocessing = 0;
		};
/* End PBXResourcesBuildPhase section */

/* Begin PBXShellScriptBuildPhase section */
		5A8CE1910F5B5E1D002ED669 /* ShellScript */ = {
			isa = PBXShellScriptBuildPhase;
			buildActionMask = 2147483647;
			files = (
			);
			inputPaths = (
				"$(BUILT_PRODUCTS_DIR)/ImageAlpha.app",
			);
			outputPaths = (
				"$(TARGET_BUILD_DIR)/ImageAlpha.tar.bz2",
			);
			runOnlyForDeploymentPostprocessing = 0;
			shellPath = /bin/sh;
			shellScript = "cd \"$BUILT_PRODUCTS_DIR/\" && tar cjf \"$TARGET_BUILD_DIR/ImageAlpha.tar.bz2\" ImageAlpha.app\n";
		};
		5A8CE19A0F5B5E9D002ED669 /* ShellScript */ = {
			isa = PBXShellScriptBuildPhase;
			buildActionMask = 2147483647;
			files = (
			);
			inputPaths = (
				"$(TARGET_BUILD_DIR)/ImageAlpha.tar.bz2",
			);
			outputPaths = (
				"$(TARGET_BUILD_DIR)/sparkle.sig",
			);
			runOnlyForDeploymentPostprocessing = 0;
			shellPath = /bin/sh;
			shellScript = "ruby \"$SRCROOT/sign_update.rb\" \"$TARGET_BUILD_DIR/ImageAlpha.tar.bz2\" ~/.ssh/dsa_priv_imageoptim.pem > \"$TARGET_BUILD_DIR/sparkle.sig\"\nwc -c \"$TARGET_BUILD_DIR/ImageAlpha.tar.bz2\" >> \"$TARGET_BUILD_DIR/sparkle.sig\"\ndate '+%a, %e %b %Y %H:%M:%S %z' >> \"$TARGET_BUILD_DIR/sparkle.sig\"";
		};
/* End PBXShellScriptBuildPhase section */

/* Begin PBXSourcesBuildPhase section */
		8D15AC300486D014006FF6A4 /* Sources */ = {
			isa = PBXSourcesBuildPhase;
			buildActionMask = 2147483647;
			files = (
				8D15AC320486D014006FF6A4 /* main.m in Sources */,
			);
			runOnlyForDeploymentPostprocessing = 0;
		};
/* End PBXSourcesBuildPhase section */

/* Begin PBXTargetDependency section */
		5A8CE1960F5B5E23002ED669 /* PBXTargetDependency */ = {
			isa = PBXTargetDependency;
			target = 8D15AC270486D014006FF6A4 /* ImageAlpha */;
			targetProxy = 5A8CE1950F5B5E23002ED669 /* PBXContainerItemProxy */;
		};
/* End PBXTargetDependency section */

/* Begin PBXVariantGroup section */
		089C165FFE840EACC02AAC07 /* InfoPlist.strings */ = {
			isa = PBXVariantGroup;
			children = (
				089C1660FE840EACC02AAC07 /* English */,
			);
			name = InfoPlist.strings;
			sourceTree = "<group>";
		};
		2A37F4B9FDCFA73011CA2CEA /* Credits.rtf */ = {
			isa = PBXVariantGroup;
			children = (
				2A37F4BAFDCFA73011CA2CEA /* English */,
			);
			name = Credits.rtf;
			sourceTree = "<group>";
		};
		779AE5F70C0A0980000694DF /* MainMenu.xib */ = {
			isa = PBXVariantGroup;
			children = (
				779AE5F80C0A0980000694DF /* English */,
			);
			name = MainMenu.xib;
			sourceTree = "<group>";
		};
		779AE5F90C0A0980000694DF /* ImageAlphaDocument.xib */ = {
			isa = PBXVariantGroup;
			children = (
				779AE5FA0C0A0980000694DF /* English */,
			);
			name = ImageAlphaDocument.xib;
			sourceTree = "<group>";
		};
/* End PBXVariantGroup section */

/* Begin XCBuildConfiguration section */
		5A8CE1930F5B5E1D002ED669 /* Debug */ = {
			isa = XCBuildConfiguration;
			buildSettings = {
				COPY_PHASE_STRIP = NO;
				GCC_DYNAMIC_NO_PIC = NO;
				GCC_OPTIMIZATION_LEVEL = 0;
				PRODUCT_NAME = Archive;
			};
			name = Debug;
		};
		5A8CE1940F5B5E1D002ED669 /* Release */ = {
			isa = XCBuildConfiguration;
			buildSettings = {
				COPY_PHASE_STRIP = YES;
				DEBUG_INFORMATION_FORMAT = "dwarf-with-dsym";
				GCC_ENABLE_FIX_AND_CONTINUE = NO;
				PRODUCT_NAME = Archive;
				ZERO_LINK = NO;
			};
			name = Release;
		};
		C05733C808A9546B00998B17 /* Debug */ = {
			isa = XCBuildConfiguration;
			buildSettings = {
				COPY_PHASE_STRIP = NO;
				FRAMEWORK_SEARCH_PATHS = (
					"$(inherited)",
					"\"$(SRCROOT)\"",
				);
				GCC_DYNAMIC_NO_PIC = NO;
				GCC_ENABLE_FIX_AND_CONTINUE = YES;
				GCC_MODEL_TUNING = G5;
				GCC_OPTIMIZATION_LEVEL = 0;
				GCC_PRECOMPILE_PREFIX_HEADER = YES;
				GCC_PREFIX_HEADER = ImageAlpha_Prefix.pch;
				INFOPLIST_FILE = Info.plist;
				INSTALL_PATH = "$(HOME)/Applications";
				PRODUCT_NAME = ImageAlpha;
				WRAPPER_EXTENSION = app;
				ZERO_LINK = YES;
			};
			name = Debug;
		};
		C05733C908A9546B00998B17 /* Release */ = {
			isa = XCBuildConfiguration;
			buildSettings = {
				DEBUG_INFORMATION_FORMAT = "dwarf-with-dsym";
				FRAMEWORK_SEARCH_PATHS = (
					"$(inherited)",
					"\"$(SRCROOT)\"",
				);
				GCC_MODEL_TUNING = G5;
				GCC_PRECOMPILE_PREFIX_HEADER = YES;
				GCC_PREFIX_HEADER = ImageAlpha_Prefix.pch;
				INFOPLIST_FILE = Info.plist;
				INSTALL_PATH = "$(HOME)/Applications";
				PRODUCT_NAME = ImageAlpha;
				WRAPPER_EXTENSION = app;
			};
			name = Release;
		};
		C05733CC08A9546B00998B17 /* Debug */ = {
			isa = XCBuildConfiguration;
			buildSettings = {
				GCC_WARN_ABOUT_RETURN_TYPE = YES;
				GCC_WARN_UNUSED_VARIABLE = YES;
				PREBINDING = NO;
			};
			name = Debug;
		};
		C05733CD08A9546B00998B17 /* Release */ = {
			isa = XCBuildConfiguration;
			buildSettings = {
				ARCHS = "$(ARCHS_STANDARD_32_BIT_PRE_XCODE_3_1)";
				ARCHS_STANDARD_32_BIT_PRE_XCODE_3_1 = "ppc i386";
				GCC_WARN_ABOUT_RETURN_TYPE = YES;
				GCC_WARN_UNUSED_VARIABLE = YES;
				PREBINDING = NO;
				SDKROOT = "$(DEVELOPER_SDK_DIR)/MacOSX10.5.sdk";
				VALID_ARCHS = "i386 ppc ppc7400 ppc970 x86_64";
			};
			name = Release;
		};
/* End XCBuildConfiguration section */

/* Begin XCConfigurationList section */
		5A8CE1980F5B5E4F002ED669 /* Build configuration list for PBXAggregateTarget "Archive" */ = {
			isa = XCConfigurationList;
			buildConfigurations = (
				5A8CE1930F5B5E1D002ED669 /* Debug */,
				5A8CE1940F5B5E1D002ED669 /* Release */,
			);
			defaultConfigurationIsVisible = 0;
			defaultConfigurationName = Release;
		};
		C05733C708A9546B00998B17 /* Build configuration list for PBXNativeTarget "ImageAlpha" */ = {
			isa = XCConfigurationList;
			buildConfigurations = (
				C05733C808A9546B00998B17 /* Debug */,
				C05733C908A9546B00998B17 /* Release */,
			);
			defaultConfigurationIsVisible = 0;
			defaultConfigurationName = Release;
		};
		C05733CB08A9546B00998B17 /* Build configuration list for PBXProject "ImageAlpha" */ = {
			isa = XCConfigurationList;
			buildConfigurations = (
				C05733CC08A9546B00998B17 /* Debug */,
				C05733CD08A9546B00998B17 /* Release */,
			);
			defaultConfigurationIsVisible = 0;
			defaultConfigurationName = Release;
		};
/* End XCConfigurationList section */
	};
	rootObject = 2A37F4A9FDCFA73011CA2CEA /* Project object */;
}
